
Microsoft Visual Studio Solution File, Format Version 12.00
# Visual Studio Version 17
VisualStudioVersion = 17.8.34316.72
MinimumVisualStudioVersion = 10.0.40219.1
Project("{FAE04EC0-301F-11D3-BF4B-00C04F79EFBC}") = "nasa_viewer", "nasa_viewer\nasa_viewer.csproj", "{CD759F3D-CFBB-4D42-BF0C-F3C947571D4A}"
EndProject
Global
	GlobalSection(SolutionConfigurationPlatforms) = preSolution
		Debug|Any CPU = Debug|Any CPU
		Release|Any CPU = Release|Any CPU
	EndGlobalSection
	GlobalSection(ProjectConfigurationPlatforms) = postSolution
		{CD759F3D-CFBB-4D42-BF0C-F3C947571D4A}.Debug|Any CPU.ActiveCfg = Debug|Any CPU
		{CD759F3D-CFBB-4D42-BF0C-F3C947571D4A}.Debug|Any CPU.Build.0 = Debug|Any CPU
		{CD759F3D-CFBB-4D42-BF0C-F3C947571D4A}.Debug|Any CPU.Deploy.0 = Debug|Any CPU
		{CD759F3D-CFBB-4D42-BF0C-F3C947571D4A}.Release|Any CPU.ActiveCfg = Release|Any CPU
		{CD759F3D-CFBB-4D42-BF0C-F3C947571D4A}.Release|Any CPU.Build.0 = Release|Any CPU
		{CD759F3D-CFBB-4D42-BF0C-F3C947571D4A}.Release|Any CPU.Deploy.0 = Release|Any CPU
	EndGlobalSection
	GlobalSection(SolutionProperties) = preSolution
		HideSolutionNode = FALSE
	EndGlobalSection
	GlobalSection(ExtensibilityGlobals) = postSolution
		SolutionGuid = {8AB6E3EB-4FC7-4142-8F5A-C6CA097F2705}
	EndGlobalSection
EndGlobal
